%{"decimal": {:hex, :decimal, "1.1.1"},
  "earmark": {:hex, :earmark, "1.0.3", "89bdbaf2aca8bbb5c97d8b3b55c5dd0cff517ecc78d417e87f1d0982e514557b", [:mix], []},
  "ex_doc": {:hex, :ex_doc, "0.14.5", "c0433c8117e948404d93ca69411dd575ec6be39b47802e81ca8d91017a0cf83c", [:mix], [{:earmark, "~> 1.0", [hex: :earmark, optional: false]}]},
  "numbers": {:hex, :numbers, "0.1.0", "0db4f551c635d17d949d7e53e921961960854648c8a99f21321750b3f186c4b5", [:mix], []}}
